
Microsoft Visual Studio Solution File, Format Version 12.00
# Visual Studio Version 17
VisualStudioVersion = 17.7.34221.43
MinimumVisualStudioVersion = 10.0.40219.1
Project("{FAE04EC0-301F-11D3-BF4B-00C04F79EFBC}") = "TroubleTrails", "TroubleTrails.csproj", "{38F0E072-1B56-47C8-8768-4FDE089ECAB8}"
EndProject
Global
	GlobalSection(SolutionConfigurationPlatforms) = preSolution
		Debug|Any CPU = Debug|Any CPU
		Release|Any CPU = Release|Any CPU
	EndGlobalSection
	GlobalSection(ProjectConfigurationPlatforms) = postSolution
		{38F0E072-1B56-47C8-8768-4FDE089ECAB8}.Debug|Any CPU.ActiveCfg = Debug|Any CPU
		{38F0E072-1B56-47C8-8768-4FDE089ECAB8}.Debug|Any CPU.Build.0 = Debug|Any CPU
		{38F0E072-1B56-47C8-8768-4FDE089ECAB8}.Release|Any CPU.ActiveCfg = Release|Any CPU
		{38F0E072-1B56-47C8-8768-4FDE089ECAB8}.Release|Any CPU.Build.0 = Release|Any CPU
	EndGlobalSection
	GlobalSection(SolutionProperties) = preSolution
		HideSolutionNode = FALSE
	EndGlobalSection
	GlobalSection(ExtensibilityGlobals) = postSolution
		SolutionGuid = {E7CB36F5-C5C8-402C-9761-F9B0B0CAE9F6}
	EndGlobalSection
EndGlobal
